
Microsoft Visual Studio Solution File, Format Version 12.00
# Visual Studio Version 16
VisualStudioVersion = 16.0.30002.166
MinimumVisualStudioVersion = 10.0.40219.1
Project("{9A19103F-16F7-4668-BE54-9A1E7A4F7556}") = "SmokeTest.Engine", "src\WebSmokeText.Engine\SmokeTest.Engine.csproj", "{12FC23F2-DFEB-4D7A-A912-75446785A3E4}"
EndProject
Project("{9A19103F-16F7-4668-BE54-9A1E7A4F7556}") = "SmokeTest", "src\WebSmokeTest\SmokeTest.csproj", "{06F70C36-80C1-4CDB-98D2-1758F948E873}"
EndProject
Project("{9A19103F-16F7-4668-BE54-9A1E7A4F7556}") = "SmokeTest.UnitTests", "src\WebSmokeTest.UnitTests\SmokeTest.UnitTests.csproj", "{DBAB0750-EE7E-4500-AA0D-E5F31E9CE9C7}"
EndProject
Project("{2150E333-8FDC-42A3-9474-1A3956D46DE8}") = "Solution Items", "Solution Items", "{DA89E15E-408D-455C-BC7C-151B7FF0D8CD}"
	ProjectSection(SolutionItems) = preProject
		.editorconfig = .editorconfig
	EndProjectSection
EndProject
Project("{9A19103F-16F7-4668-BE54-9A1E7A4F7556}") = "SmokeTest.Shared", "src\SmokeTestShared\SmokeTest.Shared.csproj", "{B5B30249-75B8-40FF-944A-DE1F9D3AEE79}"
EndProject
Project("{9A19103F-16F7-4668-BE54-9A1E7A4F7556}") = "SmokeTest.Settings", "src\SmokeTest.Settings\SmokeTest.Settings.csproj", "{BB7360F6-4E3D-473D-A261-70B43A9C2D89}"
EndProject
Project("{9A19103F-16F7-4668-BE54-9A1E7A4F7556}") = "SmokeTest.Scheduler", "src\SmokeTest.Scheduler\SmokeTest.Scheduler.csproj", "{529B5B94-8522-4C49-8C4A-950371303ECE}"
EndProject
Project("{FAE04EC0-301F-11D3-BF4B-00C04F79EFBC}") = "SmokeTest.Reports", "src\SmokeTest.Reports\SmokeTest.Reports.csproj", "{CF506C09-9B42-4B2B-B229-A660A80E906D}"
EndProject
Global
	GlobalSection(SolutionConfigurationPlatforms) = preSolution
		Debug|Any CPU = Debug|Any CPU
		Release|Any CPU = Release|Any CPU
	EndGlobalSection
	GlobalSection(ProjectConfigurationPlatforms) = postSolution
		{12FC23F2-DFEB-4D7A-A912-75446785A3E4}.Debug|Any CPU.ActiveCfg = Debug|Any CPU
		{12FC23F2-DFEB-4D7A-A912-75446785A3E4}.Debug|Any CPU.Build.0 = Debug|Any CPU
		{12FC23F2-DFEB-4D7A-A912-75446785A3E4}.Release|Any CPU.ActiveCfg = Release|Any CPU
		{12FC23F2-DFEB-4D7A-A912-75446785A3E4}.Release|Any CPU.Build.0 = Release|Any CPU
		{06F70C36-80C1-4CDB-98D2-1758F948E873}.Debug|Any CPU.ActiveCfg = Debug|Any CPU
		{06F70C36-80C1-4CDB-98D2-1758F948E873}.Debug|Any CPU.Build.0 = Debug|Any CPU
		{06F70C36-80C1-4CDB-98D2-1758F948E873}.Release|Any CPU.ActiveCfg = Release|Any CPU
		{06F70C36-80C1-4CDB-98D2-1758F948E873}.Release|Any CPU.Build.0 = Release|Any CPU
		{DBAB0750-EE7E-4500-AA0D-E5F31E9CE9C7}.Debug|Any CPU.ActiveCfg = Debug|Any CPU
		{DBAB0750-EE7E-4500-AA0D-E5F31E9CE9C7}.Debug|Any CPU.Build.0 = Debug|Any CPU
		{DBAB0750-EE7E-4500-AA0D-E5F31E9CE9C7}.Release|Any CPU.ActiveCfg = Release|Any CPU
		{DBAB0750-EE7E-4500-AA0D-E5F31E9CE9C7}.Release|Any CPU.Build.0 = Release|Any CPU
		{B5B30249-75B8-40FF-944A-DE1F9D3AEE79}.Debug|Any CPU.ActiveCfg = Debug|Any CPU
		{B5B30249-75B8-40FF-944A-DE1F9D3AEE79}.Debug|Any CPU.Build.0 = Debug|Any CPU
		{B5B30249-75B8-40FF-944A-DE1F9D3AEE79}.Release|Any CPU.ActiveCfg = Release|Any CPU
		{B5B30249-75B8-40FF-944A-DE1F9D3AEE79}.Release|Any CPU.Build.0 = Release|Any CPU
		{BB7360F6-4E3D-473D-A261-70B43A9C2D89}.Debug|Any CPU.ActiveCfg = Debug|Any CPU
		{BB7360F6-4E3D-473D-A261-70B43A9C2D89}.Debug|Any CPU.Build.0 = Debug|Any CPU
		{BB7360F6-4E3D-473D-A261-70B43A9C2D89}.Release|Any CPU.ActiveCfg = Release|Any CPU
		{BB7360F6-4E3D-473D-A261-70B43A9C2D89}.Release|Any CPU.Build.0 = Release|Any CPU
		{529B5B94-8522-4C49-8C4A-950371303ECE}.Debug|Any CPU.ActiveCfg = Debug|Any CPU
		{529B5B94-8522-4C49-8C4A-950371303ECE}.Debug|Any CPU.Build.0 = Debug|Any CPU
		{529B5B94-8522-4C49-8C4A-950371303ECE}.Release|Any CPU.ActiveCfg = Release|Any CPU
		{529B5B94-8522-4C49-8C4A-950371303ECE}.Release|Any CPU.Build.0 = Release|Any CPU
		{CF506C09-9B42-4B2B-B229-A660A80E906D}.Debug|Any CPU.ActiveCfg = Debug|Any CPU
		{CF506C09-9B42-4B2B-B229-A660A80E906D}.Debug|Any CPU.Build.0 = Debug|Any CPU
		{CF506C09-9B42-4B2B-B229-A660A80E906D}.Release|Any CPU.ActiveCfg = Release|Any CPU
		{CF506C09-9B42-4B2B-B229-A660A80E906D}.Release|Any CPU.Build.0 = Release|Any CPU
	EndGlobalSection
	GlobalSection(SolutionProperties) = preSolution
		HideSolutionNode = FALSE
	EndGlobalSection
	GlobalSection(ExtensibilityGlobals) = postSolution
		SolutionGuid = {DC27F07F-7BED-447B-B2D7-A643E0EBD107}
	EndGlobalSection
EndGlobal
